
Microsoft Visual Studio Solution File, Format Version 12.00
# Visual Studio Version 16
VisualStudioVersion = 16.0.31424.327
MinimumVisualStudioVersion = 10.0.40219.1
Project("{9A19103F-16F7-4668-BE54-9A1E7A4F7556}") = "MISA.AMIS.API", "MISA.AMIS.API\MISA.AMIS.API.csproj", "{FD7D655C-D898-4958-9151-506C2F8CC355}"
EndProject
Project("{FAE04EC0-301F-11D3-BF4B-00C04F79EFBC}") = "MISA.AMIS.Core", "MISA.AMIS.Core\MISA.AMIS.Core.csproj", "{B9BB2A55-B7BC-451C-B241-680728D87822}"
EndProject
Project("{FAE04EC0-301F-11D3-BF4B-00C04F79EFBC}") = "MISA.AMIS.Infrastructure", "MISA.AMIS.Infrastructure\MISA.AMIS.Infrastructure.csproj", "{80899098-EC46-479B-9DF4-EFE6E89432EA}"
EndProject
Global
	GlobalSection(SolutionConfigurationPlatforms) = preSolution
		Debug|Any CPU = Debug|Any CPU
		Release|Any CPU = Release|Any CPU
	EndGlobalSection
	GlobalSection(ProjectConfigurationPlatforms) = postSolution
		{FD7D655C-D898-4958-9151-506C2F8CC355}.Debug|Any CPU.ActiveCfg = Debug|Any CPU
		{FD7D655C-D898-4958-9151-506C2F8CC355}.Debug|Any CPU.Build.0 = Debug|Any CPU
		{FD7D655C-D898-4958-9151-506C2F8CC355}.Release|Any CPU.ActiveCfg = Release|Any CPU
		{FD7D655C-D898-4958-9151-506C2F8CC355}.Release|Any CPU.Build.0 = Release|Any CPU
		{B9BB2A55-B7BC-451C-B241-680728D87822}.Debug|Any CPU.ActiveCfg = Debug|Any CPU
		{B9BB2A55-B7BC-451C-B241-680728D87822}.Debug|Any CPU.Build.0 = Debug|Any CPU
		{B9BB2A55-B7BC-451C-B241-680728D87822}.Release|Any CPU.ActiveCfg = Release|Any CPU
		{B9BB2A55-B7BC-451C-B241-680728D87822}.Release|Any CPU.Build.0 = Release|Any CPU
		{80899098-EC46-479B-9DF4-EFE6E89432EA}.Debug|Any CPU.ActiveCfg = Debug|Any CPU
		{80899098-EC46-479B-9DF4-EFE6E89432EA}.Debug|Any CPU.Build.0 = Debug|Any CPU
		{80899098-EC46-479B-9DF4-EFE6E89432EA}.Release|Any CPU.ActiveCfg = Release|Any CPU
		{80899098-EC46-479B-9DF4-EFE6E89432EA}.Release|Any CPU.Build.0 = Release|Any CPU
	EndGlobalSection
	GlobalSection(SolutionProperties) = preSolution
		HideSolutionNode = FALSE
	EndGlobalSection
	GlobalSection(ExtensibilityGlobals) = postSolution
		SolutionGuid = {D2892E59-80AC-4495-9EAB-F0792E6A4DFF}
	EndGlobalSection
EndGlobal
